
Microsoft Visual Studio Solution File, Format Version 12.00
# Visual Studio 15
VisualStudioVersion = 15.0.28307.539
MinimumVisualStudioVersion = 10.0.40219.1
Project("{FAE04EC0-301F-11D3-BF4B-00C04F79EFBC}") = "Multas", "Multas\Multas.csproj", "{42FF95A3-D055-41AB-876D-C60FC297A10E}"
EndProject
Global
	GlobalSection(SolutionConfigurationPlatforms) = preSolution
		Debug|Any CPU = Debug|Any CPU
		Release|Any CPU = Release|Any CPU
	EndGlobalSection
	GlobalSection(ProjectConfigurationPlatforms) = postSolution
		{42FF95A3-D055-41AB-876D-C60FC297A10E}.Debug|Any CPU.ActiveCfg = Debug|Any CPU
		{42FF95A3-D055-41AB-876D-C60FC297A10E}.Debug|Any CPU.Build.0 = Debug|Any CPU
		{42FF95A3-D055-41AB-876D-C60FC297A10E}.Release|Any CPU.ActiveCfg = Release|Any CPU
		{42FF95A3-D055-41AB-876D-C60FC297A10E}.Release|Any CPU.Build.0 = Release|Any CPU
	EndGlobalSection
	GlobalSection(SolutionProperties) = preSolution
		HideSolutionNode = FALSE
	EndGlobalSection
	GlobalSection(ExtensibilityGlobals) = postSolution
		SolutionGuid = {24A404B7-017F-496E-862E-ABD2A5543883}
	EndGlobalSection
EndGlobal
